// !$*UTF8*$!
{
	archiveVersion = 1;
	classes = {
	};
	objectVersion = 56;
	objects = {

/* Begin PBXBuildFile section */
		979FB89B2967451F0078B08F /* CoinWatchlistApp.swift in Sources */ = {isa = PBXBuildFile; fileRef = 979FB89A2967451F0078B08F /* CoinWatchlistApp.swift */; };
		979FB89D2967451F0078B08F /* ContentView.swift in Sources */ = {isa = PBXBuildFile; fileRef = 979FB89C2967451F0078B08F /* ContentView.swift */; };
		979FB89F296745210078B08F /* Assets.xcassets in Resources */ = {isa = PBXBuildFile; fileRef = 979FB89E296745210078B08F /* Assets.xcassets */; };
		979FB8A2296745210078B08F /* Preview Assets.xcassets in Resources */ = {isa = PBXBuildFile; fileRef = 979FB8A1296745210078B08F /* Preview Assets.xcassets */; };
		979FB8B1296745F10078B08F /* HomeView.swift in Sources */ = {isa = PBXBuildFile; fileRef = 979FB8B0296745F10078B08F /* HomeView.swift */; };
		979FB8B3296746AD0078B08F /* TopMoversView.swift in Sources */ = {isa = PBXBuildFile; fileRef = 979FB8B2296746AD0078B08F /* TopMoversView.swift */; };
		979FB8B5296746BA0078B08F /* TopMoversItemView.swift in Sources */ = {isa = PBXBuildFile; fileRef = 979FB8B4296746BA0078B08F /* TopMoversItemView.swift */; };
		979FB8B729674A020078B08F /* AllCoinsView.swift in Sources */ = {isa = PBXBuildFile; fileRef = 979FB8B629674A020078B08F /* AllCoinsView.swift */; };
		979FB8B929674A0E0078B08F /* CoinRowView.swift in Sources */ = {isa = PBXBuildFile; fileRef = 979FB8B829674A0E0078B08F /* CoinRowView.swift */; };
		979FB8BB29674E2B0078B08F /* HomeViewModel.swift in Sources */ = {isa = PBXBuildFile; fileRef = 979FB8BA29674E2B0078B08F /* HomeViewModel.swift */; };
		979FB8BD296750B00078B08F /* Coin.swift in Sources */ = {isa = PBXBuildFile; fileRef = 979FB8BC296750B00078B08F /* Coin.swift */; };
		979FB8C0296758EC0078B08F /* Kingfisher in Frameworks */ = {isa = PBXBuildFile; productRef = 979FB8BF296758EC0078B08F /* Kingfisher */; };
		979FB8C2296759A20078B08F /* Double.swift in Sources */ = {isa = PBXBuildFile; fileRef = 979FB8C1296759A20078B08F /* Double.swift */; };
		979FB8C7296807E60078B08F /* CoinDetailView.swift in Sources */ = {isa = PBXBuildFile; fileRef = 979FB8C6296807E60078B08F /* CoinDetailView.swift */; };
		979FB8C92968097F0078B08F /* Color.swift in Sources */ = {isa = PBXBuildFile; fileRef = 979FB8C82968097F0078B08F /* Color.swift */; };
		979FB8CB29680B9E0078B08F /* CoinDetailsSection.swift in Sources */ = {isa = PBXBuildFile; fileRef = 979FB8CA29680B9E0078B08F /* CoinDetailsSection.swift */; };
		979FB8CD29680C020078B08F /* StatisticView.swift in Sources */ = {isa = PBXBuildFile; fileRef = 979FB8CC29680C020078B08F /* StatisticView.swift */; };
		97E2E2682969A0820084DF62 /* StatisticModel.swift in Sources */ = {isa = PBXBuildFile; fileRef = 97E2E2672969A0820084DF62 /* StatisticModel.swift */; };
		97E2E26A2969A1100084DF62 /* PreviewProvider.swift in Sources */ = {isa = PBXBuildFile; fileRef = 97E2E2692969A1100084DF62 /* PreviewProvider.swift */; };
		97E2E26C2969A33D0084DF62 /* CoinDetailSectionModel.swift in Sources */ = {isa = PBXBuildFile; fileRef = 97E2E26B2969A33D0084DF62 /* CoinDetailSectionModel.swift */; };
		97E2E26E2969A8B80084DF62 /* CoinDetailViewModel.swift in Sources */ = {isa = PBXBuildFile; fileRef = 97E2E26D2969A8B80084DF62 /* CoinDetailViewModel.swift */; };
		97E2E2702969D85E0084DF62 /* ChartData.swift in Sources */ = {isa = PBXBuildFile; fileRef = 97E2E26F2969D85E0084DF62 /* ChartData.swift */; };
		97E2E2722969D9960084DF62 /* Date.swift in Sources */ = {isa = PBXBuildFile; fileRef = 97E2E2712969D9960084DF62 /* Date.swift */; };
		97E2E2742969DB3F0084DF62 /* ChartView.swift in Sources */ = {isa = PBXBuildFile; fileRef = 97E2E2732969DB3F0084DF62 /* ChartView.swift */; };
		97E2E2762969EC2F0084DF62 /* CustomLoadingIndicator.swift in Sources */ = {isa = PBXBuildFile; fileRef = 97E2E2752969EC2F0084DF62 /* CustomLoadingIndicator.swift */; };
		97E2E2782969EE6A0084DF62 /* LazyNavigationView.swift in Sources */ = {isa = PBXBuildFile; fileRef = 97E2E2772969EE6A0084DF62 /* LazyNavigationView.swift */; };
		97FB59ED296ACD20001C1F87 /* .gitignore in Resources */ = {isa = PBXBuildFile; fileRef = 97FB59EC296ACD20001C1F87 /* .gitignore */; };
/* End PBXBuildFile section */

/* Begin PBXFileReference section */
		979FB8972967451F0078B08F /* CoinWatchlist.app */ = {isa = PBXFileReference; explicitFileType = wrapper.application; includeInIndex = 0; path = CoinWatchlist.app; sourceTree = BUILT_PRODUCTS_DIR; };
		979FB89A2967451F0078B08F /* CoinWatchlistApp.swift */ = {isa = PBXFileReference; lastKnownFileType = sourcecode.swift; path = CoinWatchlistApp.swift; sourceTree = "<group>"; };
		979FB89C2967451F0078B08F /* ContentView.swift */ = {isa = PBXFileReference; lastKnownFileType = sourcecode.swift; path = ContentView.swift; sourceTree = "<group>"; };
		979FB89E296745210078B08F /* Assets.xcassets */ = {isa = PBXFileReference; lastKnownFileType = folder.assetcatalog; path = Assets.xcassets; sourceTree = "<group>"; };
		979FB8A1296745210078B08F /* Preview Assets.xcassets */ = {isa = PBXFileReference; lastKnownFileType = folder.assetcatalog; path = "Preview Assets.xcassets"; sourceTree = "<group>"; };
		979FB8B0296745F10078B08F /* HomeView.swift */ = {isa = PBXFileReference; lastKnownFileType = sourcecode.swift; path = HomeView.swift; sourceTree = "<group>"; };
		979FB8B2296746AD0078B08F /* TopMoversView.swift */ = {isa = PBXFileReference; lastKnownFileType = sourcecode.swift; path = TopMoversView.swift; sourceTree = "<group>"; };
		979FB8B4296746BA0078B08F /* TopMoversItemView.swift */ = {isa = PBXFileReference; lastKnownFileType = sourcecode.swift; path = TopMoversItemView.swift; sourceTree = "<group>"; };
		979FB8B629674A020078B08F /* AllCoinsView.swift */ = {isa = PBXFileReference; lastKnownFileType = sourcecode.swift; path = AllCoinsView.swift; sourceTree = "<group>"; };
		979FB8B829674A0E0078B08F /* CoinRowView.swift */ = {isa = PBXFileReference; lastKnownFileType = sourcecode.swift; path = CoinRowView.swift; sourceTree = "<group>"; };
		979FB8BA29674E2B0078B08F /* HomeViewModel.swift */ = {isa = PBXFileReference; lastKnownFileType = sourcecode.swift; path = HomeViewModel.swift; sourceTree = "<group>"; };
		979FB8BC296750B00078B08F /* Coin.swift */ = {isa = PBXFileReference; lastKnownFileType = sourcecode.swift; path = Coin.swift; sourceTree = "<group>"; };
		979FB8C1296759A20078B08F /* Double.swift */ = {isa = PBXFileReference; lastKnownFileType = sourcecode.swift; path = Double.swift; sourceTree = "<group>"; };
		979FB8C6296807E60078B08F /* CoinDetailView.swift */ = {isa = PBXFileReference; lastKnownFileType = sourcecode.swift; path = CoinDetailView.swift; sourceTree = "<group>"; };
		979FB8C82968097F0078B08F /* Color.swift */ = {isa = PBXFileReference; lastKnownFileType = sourcecode.swift; path = Color.swift; sourceTree = "<group>"; };
		979FB8CA29680B9E0078B08F /* CoinDetailsSection.swift */ = {isa = PBXFileReference; lastKnownFileType = sourcecode.swift; path = CoinDetailsSection.swift; sourceTree = "<group>"; };
		979FB8CC29680C020078B08F /* StatisticView.swift */ = {isa = PBXFileReference; lastKnownFileType = sourcecode.swift; path = StatisticView.swift; sourceTree = "<group>"; };
		97E2E2672969A0820084DF62 /* StatisticModel.swift */ = {isa = PBXFileReference; lastKnownFileType = sourcecode.swift; path = StatisticModel.swift; sourceTree = "<group>"; };
		97E2E2692969A1100084DF62 /* PreviewProvider.swift */ = {isa = PBXFileReference; lastKnownFileType = sourcecode.swift; path = PreviewProvider.swift; sourceTree = "<group>"; };
		97E2E26B2969A33D0084DF62 /* CoinDetailSectionModel.swift */ = {isa = PBXFileReference; lastKnownFileType = sourcecode.swift; path = CoinDetailSectionModel.swift; sourceTree = "<group>"; };
		97E2E26D2969A8B80084DF62 /* CoinDetailViewModel.swift */ = {isa = PBXFileReference; lastKnownFileType = sourcecode.swift; path = CoinDetailViewModel.swift; sourceTree = "<group>"; };
		97E2E26F2969D85E0084DF62 /* ChartData.swift */ = {isa = PBXFileReference; lastKnownFileType = sourcecode.swift; path = ChartData.swift; sourceTree = "<group>"; };
		97E2E2712969D9960084DF62 /* Date.swift */ = {isa = PBXFileReference; lastKnownFileType = sourcecode.swift; path = Date.swift; sourceTree = "<group>"; };
		97E2E2732969DB3F0084DF62 /* ChartView.swift */ = {isa = PBXFileReference; lastKnownFileType = sourcecode.swift; path = ChartView.swift; sourceTree = "<group>"; };
		97E2E2752969EC2F0084DF62 /* CustomLoadingIndicator.swift */ = {isa = PBXFileReference; lastKnownFileType = sourcecode.swift; path = CustomLoadingIndicator.swift; sourceTree = "<group>"; };
		97E2E2772969EE6A0084DF62 /* LazyNavigationView.swift */ = {isa = PBXFileReference; lastKnownFileType = sourcecode.swift; path = LazyNavigationView.swift; sourceTree = "<group>"; };
		97FB59EC296ACD20001C1F87 /* .gitignore */ = {isa = PBXFileReference; lastKnownFileType = text; path = .gitignore; sourceTree = "<group>"; };
/* End PBXFileReference section */

/* Begin PBXFrameworksBuildPhase section */
		979FB8942967451F0078B08F /* Frameworks */ = {
			isa = PBXFrameworksBuildPhase;
			buildActionMask = 2147483647;
			files = (
				979FB8C0296758EC0078B08F /* Kingfisher in Frameworks */,
			);
			runOnlyForDeploymentPostprocessing = 0;
		};
/* End PBXFrameworksBuildPhase section */

/* Begin PBXGroup section */
		979FB88E2967451F0078B08F = {
			isa = PBXGroup;
			children = (
				97FB59EC296ACD20001C1F87 /* .gitignore */,
				979FB8992967451F0078B08F /* CoinWatchlist */,
				979FB8982967451F0078B08F /* Products */,
			);
			sourceTree = "<group>";
		};
		979FB8982967451F0078B08F /* Products */ = {
			isa = PBXGroup;
			children = (
				979FB8972967451F0078B08F /* CoinWatchlist.app */,
			);
			name = Products;
			sourceTree = "<group>";
		};
		979FB8992967451F0078B08F /* CoinWatchlist */ = {
			isa = PBXGroup;
			children = (
				979FB8AC296745680078B08F /* App */,
				979FB8AB296745640078B08F /* Core */,
				979FB8AA2967455C0078B08F /* Models */,
				979FB8A9296745530078B08F /* Extensions */,
				979FB8A8296745480078B08F /* Utils */,
				979FB89C2967451F0078B08F /* ContentView.swift */,
				979FB89E296745210078B08F /* Assets.xcassets */,
				979FB8A0296745210078B08F /* Preview Content */,
			);
			path = CoinWatchlist;
			sourceTree = "<group>";
		};
		979FB8A0296745210078B08F /* Preview Content */ = {
			isa = PBXGroup;
			children = (
				979FB8A1296745210078B08F /* Preview Assets.xcassets */,
			);
			path = "Preview Content";
			sourceTree = "<group>";
		};
		979FB8A8296745480078B08F /* Utils */ = {
			isa = PBXGroup;
			children = (
				97E2E2752969EC2F0084DF62 /* CustomLoadingIndicator.swift */,
				97E2E2772969EE6A0084DF62 /* LazyNavigationView.swift */,
			);
			path = Utils;
			sourceTree = "<group>";
		};
		979FB8A9296745530078B08F /* Extensions */ = {
			isa = PBXGroup;
			children = (
				979FB8C1296759A20078B08F /* Double.swift */,
				979FB8C82968097F0078B08F /* Color.swift */,
				97E2E2692969A1100084DF62 /* PreviewProvider.swift */,
				97E2E2712969D9960084DF62 /* Date.swift */,
			);
			path = Extensions;
			sourceTree = "<group>";
		};
		979FB8AA2967455C0078B08F /* Models */ = {
			isa = PBXGroup;
			children = (
				979FB8BC296750B00078B08F /* Coin.swift */,
				97E2E2672969A0820084DF62 /* StatisticModel.swift */,
				97E2E26B2969A33D0084DF62 /* CoinDetailSectionModel.swift */,
				97E2E26F2969D85E0084DF62 /* ChartData.swift */,
			);
			path = Models;
			sourceTree = "<group>";
		};
		979FB8AB296745640078B08F /* Core */ = {
			isa = PBXGroup;
			children = (
				979FB8C3296807B20078B08F /* CoinDetails */,
				979FB8AD2967457D0078B08F /* Home */,
			);
			path = Core;
			sourceTree = "<group>";
		};
		979FB8AC296745680078B08F /* App */ = {
			isa = PBXGroup;
			children = (
				979FB89A2967451F0078B08F /* CoinWatchlistApp.swift */,
			);
			path = App;
			sourceTree = "<group>";
		};
		979FB8AD2967457D0078B08F /* Home */ = {
			isa = PBXGroup;
			children = (
				979FB8AF296745D00078B08F /* Views */,
				979FB8AE296745CE0078B08F /* ViewModels */,
			);
			path = Home;
			sourceTree = "<group>";
		};
		979FB8AE296745CE0078B08F /* ViewModels */ = {
			isa = PBXGroup;
			children = (
				979FB8BA29674E2B0078B08F /* HomeViewModel.swift */,
			);
			path = ViewModels;
			sourceTree = "<group>";
		};
		979FB8AF296745D00078B08F /* Views */ = {
			isa = PBXGroup;
			children = (
				979FB8B0296745F10078B08F /* HomeView.swift */,
				979FB8B2296746AD0078B08F /* TopMoversView.swift */,
				979FB8B4296746BA0078B08F /* TopMoversItemView.swift */,
				979FB8B629674A020078B08F /* AllCoinsView.swift */,
				979FB8B829674A0E0078B08F /* CoinRowView.swift */,
			);
			path = Views;
			sourceTree = "<group>";
		};
		979FB8C3296807B20078B08F /* CoinDetails */ = {
			isa = PBXGroup;
			children = (
				979FB8C5296807C40078B08F /* Views */,
				979FB8C4296807BE0078B08F /* ViewModels */,
			);
			path = CoinDetails;
			sourceTree = "<group>";
		};
		979FB8C4296807BE0078B08F /* ViewModels */ = {
			isa = PBXGroup;
			children = (
				97E2E26D2969A8B80084DF62 /* CoinDetailViewModel.swift */,
			);
			path = ViewModels;
			sourceTree = "<group>";
		};
		979FB8C5296807C40078B08F /* Views */ = {
			isa = PBXGroup;
			children = (
				979FB8C6296807E60078B08F /* CoinDetailView.swift */,
				979FB8CA29680B9E0078B08F /* CoinDetailsSection.swift */,
				979FB8CC29680C020078B08F /* StatisticView.swift */,
				97E2E2732969DB3F0084DF62 /* ChartView.swift */,
			);
			path = Views;
			sourceTree = "<group>";
		};
/* End PBXGroup section */

/* Begin PBXNativeTarget section */
		979FB8962967451F0078B08F /* CoinWatchlist */ = {
			isa = PBXNativeTarget;
			buildConfigurationList = 979FB8A5296745210078B08F /* Build configuration list for PBXNativeTarget "CoinWatchlist" */;
			buildPhases = (
				979FB8932967451F0078B08F /* Sources */,
				979FB8942967451F0078B08F /* Frameworks */,
				979FB8952967451F0078B08F /* Resources */,
			);
			buildRules = (
			);
			dependencies = (
			);
			name = CoinWatchlist;
			packageProductDependencies = (
				979FB8BF296758EC0078B08F /* Kingfisher */,
			);
			productName = CoinWatchlist;
			productReference = 979FB8972967451F0078B08F /* CoinWatchlist.app */;
			productType = "com.apple.product-type.application";
		};
/* End PBXNativeTarget section */

/* Begin PBXProject section */
		979FB88F2967451F0078B08F /* Project object */ = {
			isa = PBXProject;
			attributes = {
				BuildIndependentTargetsInParallel = 1;
				LastSwiftUpdateCheck = 1420;
				LastUpgradeCheck = 1420;
				TargetAttributes = {
					979FB8962967451F0078B08F = {
						CreatedOnToolsVersion = 14.2;
					};
				};
			};
			buildConfigurationList = 979FB8922967451F0078B08F /* Build configuration list for PBXProject "CoinWatchlist" */;
			compatibilityVersion = "Xcode 14.0";
			developmentRegion = en;
			hasScannedForEncodings = 0;
			knownRegions = (
				en,
				Base,
			);
			mainGroup = 979FB88E2967451F0078B08F;
			packageReferences = (
				979FB8BE296758EC0078B08F /* XCRemoteSwiftPackageReference "Kingfisher" */,
			);
			productRefGroup = 979FB8982967451F0078B08F /* Products */;
			projectDirPath = "";
			projectRoot = "";
			targets = (
				979FB8962967451F0078B08F /* CoinWatchlist */,
			);
		};
/* End PBXProject section */

/* Begin PBXResourcesBuildPhase section */
		979FB8952967451F0078B08F /* Resources */ = {
			isa = PBXResourcesBuildPhase;
			buildActionMask = 2147483647;
			files = (
				979FB8A2296745210078B08F /* Preview Assets.xcassets in Resources */,
				97FB59ED296ACD20001C1F87 /* .gitignore in Resources */,
				979FB89F296745210078B08F /* Assets.xcassets in Resources */,
			);
			runOnlyForDeploymentPostprocessing = 0;
		};
/* End PBXResourcesBuildPhase section */

/* Begin PBXSourcesBuildPhase section */
		979FB8932967451F0078B08F /* Sources */ = {
			isa = PBXSourcesBuildPhase;
			buildActionMask = 2147483647;
			files = (
				979FB8B3296746AD0078B08F /* TopMoversView.swift in Sources */,
				979FB8B729674A020078B08F /* AllCoinsView.swift in Sources */,
				97E2E2782969EE6A0084DF62 /* LazyNavigationView.swift in Sources */,
				979FB8C7296807E60078B08F /* CoinDetailView.swift in Sources */,
				979FB8B1296745F10078B08F /* HomeView.swift in Sources */,
				979FB8BB29674E2B0078B08F /* HomeViewModel.swift in Sources */,
				979FB8C92968097F0078B08F /* Color.swift in Sources */,
				979FB89D2967451F0078B08F /* ContentView.swift in Sources */,
				979FB8CD29680C020078B08F /* StatisticView.swift in Sources */,
				979FB8BD296750B00078B08F /* Coin.swift in Sources */,
				97E2E2702969D85E0084DF62 /* ChartData.swift in Sources */,
				97E2E26C2969A33D0084DF62 /* CoinDetailSectionModel.swift in Sources */,
				97E2E2722969D9960084DF62 /* Date.swift in Sources */,
				97E2E26A2969A1100084DF62 /* PreviewProvider.swift in Sources */,
				979FB89B2967451F0078B08F /* CoinWatchlistApp.swift in Sources */,
				97E2E26E2969A8B80084DF62 /* CoinDetailViewModel.swift in Sources */,
				97E2E2762969EC2F0084DF62 /* CustomLoadingIndicator.swift in Sources */,
				97E2E2682969A0820084DF62 /* StatisticModel.swift in Sources */,
				979FB8B929674A0E0078B08F /* CoinRowView.swift in Sources */,
				97E2E2742969DB3F0084DF62 /* ChartView.swift in Sources */,
				979FB8C2296759A20078B08F /* Double.swift in Sources */,
				979FB8B5296746BA0078B08F /* TopMoversItemView.swift in Sources */,
				979FB8CB29680B9E0078B08F /* CoinDetailsSection.swift in Sources */,
			);
			runOnlyForDeploymentPostprocessing = 0;
		};
/* End PBXSourcesBuildPhase section */

/* Begin XCBuildConfiguration section */
		979FB8A3296745210078B08F /* Debug */ = {
			isa = XCBuildConfiguration;
			buildSettings = {
				ALWAYS_SEARCH_USER_PATHS = NO;
				CLANG_ANALYZER_NONNULL = YES;
				CLANG_ANALYZER_NUMBER_OBJECT_CONVERSION = YES_AGGRESSIVE;
				CLANG_CXX_LANGUAGE_STANDARD = "gnu++20";
				CLANG_ENABLE_MODULES = YES;
				CLANG_ENABLE_OBJC_ARC = YES;
				CLANG_ENABLE_OBJC_WEAK = YES;
				CLANG_WARN_BLOCK_CAPTURE_AUTORELEASING = YES;
				CLANG_WARN_BOOL_CONVERSION = YES;
				CLANG_WARN_COMMA = YES;
				CLANG_WARN_CONSTANT_CONVERSION = YES;
				CLANG_WARN_DEPRECATED_OBJC_IMPLEMENTATIONS = YES;
				CLANG_WARN_DIRECT_OBJC_ISA_USAGE = YES_ERROR;
				CLANG_WARN_DOCUMENTATION_COMMENTS = YES;
				CLANG_WARN_EMPTY_BODY = YES;
				CLANG_WARN_ENUM_CONVERSION = YES;
				CLANG_WARN_INFINITE_RECURSION = YES;
				CLANG_WARN_INT_CONVERSION = YES;
				CLANG_WARN_NON_LITERAL_NULL_CONVERSION = YES;
				CLANG_WARN_OBJC_IMPLICIT_RETAIN_SELF = YES;
				CLANG_WARN_OBJC_LITERAL_CONVERSION = YES;
				CLANG_WARN_OBJC_ROOT_CLASS = YES_ERROR;
				CLANG_WARN_QUOTED_INCLUDE_IN_FRAMEWORK_HEADER = YES;
				CLANG_WARN_RANGE_LOOP_ANALYSIS = YES;
				CLANG_WARN_STRICT_PROTOTYPES = YES;
				CLANG_WARN_SUSPICIOUS_MOVE = YES;
				CLANG_WARN_UNGUARDED_AVAILABILITY = YES_AGGRESSIVE;
				CLANG_WARN_UNREACHABLE_CODE = YES;
				CLANG_WARN__DUPLICATE_METHOD_MATCH = YES;
				COPY_PHASE_STRIP = NO;
				DEBUG_INFORMATION_FORMAT = dwarf;
				ENABLE_STRICT_OBJC_MSGSEND = YES;
				ENABLE_TESTABILITY = YES;
				GCC_C_LANGUAGE_STANDARD = gnu11;
				GCC_DYNAMIC_NO_PIC = NO;
				GCC_NO_COMMON_BLOCKS = YES;
				GCC_OPTIMIZATION_LEVEL = 0;
				GCC_PREPROCESSOR_DEFINITIONS = (
					"DEBUG=1",
					"$(inherited)",
				);
				GCC_WARN_64_TO_32_BIT_CONVERSION = YES;
				GCC_WARN_ABOUT_RETURN_TYPE = YES_ERROR;
				GCC_WARN_UNDECLARED_SELECTOR = YES;
				GCC_WARN_UNINITIALIZED_AUTOS = YES_AGGRESSIVE;
				GCC_WARN_UNUSED_FUNCTION = YES;
				GCC_WARN_UNUSED_VARIABLE = YES;
				IPHONEOS_DEPLOYMENT_TARGET = 16.2;
				MTL_ENABLE_DEBUG_INFO = INCLUDE_SOURCE;
				MTL_FAST_MATH = YES;
				ONLY_ACTIVE_ARCH = YES;
				SDKROOT = iphoneos;
				SWIFT_ACTIVE_COMPILATION_CONDITIONS = DEBUG;
				SWIFT_OPTIMIZATION_LEVEL = "-Onone";
			};
			name = Debug;
		};
		979FB8A4296745210078B08F /* Release */ = {
			isa = XCBuildConfiguration;
			buildSettings = {
				ALWAYS_SEARCH_USER_PATHS = NO;
				CLANG_ANALYZER_NONNULL = YES;
				CLANG_ANALYZER_NUMBER_OBJECT_CONVERSION = YES_AGGRESSIVE;
				CLANG_CXX_LANGUAGE_STANDARD = "gnu++20";
				CLANG_ENABLE_MODULES = YES;
				CLANG_ENABLE_OBJC_ARC = YES;
				CLANG_ENABLE_OBJC_WEAK = YES;
				CLANG_WARN_BLOCK_CAPTURE_AUTORELEASING = YES;
				CLANG_WARN_BOOL_CONVERSION = YES;
				CLANG_WARN_COMMA = YES;
				CLANG_WARN_CONSTANT_CONVERSION = YES;
				CLANG_WARN_DEPRECATED_OBJC_IMPLEMENTATIONS = YES;
				CLANG_WARN_DIRECT_OBJC_ISA_USAGE = YES_ERROR;
				CLANG_WARN_DOCUMENTATION_COMMENTS = YES;
				CLANG_WARN_EMPTY_BODY = YES;
				CLANG_WARN_ENUM_CONVERSION = YES;
				CLANG_WARN_INFINITE_RECURSION = YES;
				CLANG_WARN_INT_CONVERSION = YES;
				CLANG_WARN_NON_LITERAL_NULL_CONVERSION = YES;
				CLANG_WARN_OBJC_IMPLICIT_RETAIN_SELF = YES;
				CLANG_WARN_OBJC_LITERAL_CONVERSION = YES;
				CLANG_WARN_OBJC_ROOT_CLASS = YES_ERROR;
				CLANG_WARN_QUOTED_INCLUDE_IN_FRAMEWORK_HEADER = YES;
				CLANG_WARN_RANGE_LOOP_ANALYSIS = YES;
				CLANG_WARN_STRICT_PROTOTYPES = YES;
				CLANG_WARN_SUSPICIOUS_MOVE = YES;
				CLANG_WARN_UNGUARDED_AVAILABILITY = YES_AGGRESSIVE;
				CLANG_WARN_UNREACHABLE_CODE = YES;
				CLANG_WARN__DUPLICATE_METHOD_MATCH = YES;
				COPY_PHASE_STRIP = NO;
				DEBUG_INFORMATION_FORMAT = "dwarf-with-dsym";
				ENABLE_NS_ASSERTIONS = NO;
				ENABLE_STRICT_OBJC_MSGSEND = YES;
				GCC_C_LANGUAGE_STANDARD = gnu11;
				GCC_NO_COMMON_BLOCKS = YES;
				GCC_WARN_64_TO_32_BIT_CONVERSION = YES;
				GCC_WARN_ABOUT_RETURN_TYPE = YES_ERROR;
				GCC_WARN_UNDECLARED_SELECTOR = YES;
				GCC_WARN_UNINITIALIZED_AUTOS = YES_AGGRESSIVE;
				GCC_WARN_UNUSED_FUNCTION = YES;
				GCC_WARN_UNUSED_VARIABLE = YES;
				IPHONEOS_DEPLOYMENT_TARGET = 16.2;
				MTL_ENABLE_DEBUG_INFO = NO;
				MTL_FAST_MATH = YES;
				SDKROOT = iphoneos;
				SWIFT_COMPILATION_MODE = wholemodule;
				SWIFT_OPTIMIZATION_LEVEL = "-O";
				VALIDATE_PRODUCT = YES;
			};
			name = Release;
		};
		979FB8A6296745210078B08F /* Debug */ = {
			isa = XCBuildConfiguration;
			buildSettings = {
				ASSETCATALOG_COMPILER_APPICON_NAME = AppIcon;
				ASSETCATALOG_COMPILER_GLOBAL_ACCENT_COLOR_NAME = AccentColor;
				CODE_SIGN_STYLE = Automatic;
				CURRENT_PROJECT_VERSION = 1;
				DEVELOPMENT_ASSET_PATHS = "\"CoinWatchlist/Preview Content\"";
				DEVELOPMENT_TEAM = 9MSHFJSX28;
				ENABLE_PREVIEWS = YES;
				GENERATE_INFOPLIST_FILE = YES;
				INFOPLIST_KEY_UIApplicationSceneManifest_Generation = YES;
				INFOPLIST_KEY_UIApplicationSupportsIndirectInputEvents = YES;
				INFOPLIST_KEY_UILaunchScreen_Generation = YES;
				INFOPLIST_KEY_UISupportedInterfaceOrientations_iPad = "UIInterfaceOrientationPortrait UIInterfaceOrientationPortraitUpsideDown UIInterfaceOrientationLandscapeLeft UIInterfaceOrientationLandscapeRight";
				INFOPLIST_KEY_UISupportedInterfaceOrientations_iPhone = "UIInterfaceOrientationPortrait UIInterfaceOrientationLandscapeLeft UIInterfaceOrientationLandscapeRight";
				LD_RUNPATH_SEARCH_PATHS = (
					"$(inherited)",
					"@executable_path/Frameworks",
				);
				MARKETING_VERSION = 1.0;
				PRODUCT_BUNDLE_IDENTIFIER = com.devileya.CoinWatchlist;
				PRODUCT_NAME = "$(TARGET_NAME)";
				SWIFT_EMIT_LOC_STRINGS = YES;
				SWIFT_VERSION = 5.0;
				TARGETED_DEVICE_FAMILY = "1,2";
			};
			name = Debug;
		};
		979FB8A7296745210078B08F /* Release */ = {
			isa = XCBuildConfiguration;
			buildSettings = {
				ASSETCATALOG_COMPILER_APPICON_NAME = AppIcon;
				ASSETCATALOG_COMPILER_GLOBAL_ACCENT_COLOR_NAME = AccentColor;
				CODE_SIGN_STYLE = Automatic;
				CURRENT_PROJECT_VERSION = 1;
				DEVELOPMENT_ASSET_PATHS = "\"CoinWatchlist/Preview Content\"";
				DEVELOPMENT_TEAM = 9MSHFJSX28;
				ENABLE_PREVIEWS = YES;
				GENERATE_INFOPLIST_FILE = YES;
				INFOPLIST_KEY_UIApplicationSceneManifest_Generation = YES;
				INFOPLIST_KEY_UIApplicationSupportsIndirectInputEvents = YES;
				INFOPLIST_KEY_UILaunchScreen_Generation = YES;
				INFOPLIST_KEY_UISupportedInterfaceOrientations_iPad = "UIInterfaceOrientationPortrait UIInterfaceOrientationPortraitUpsideDown UIInterfaceOrientationLandscapeLeft UIInterfaceOrientationLandscapeRight";
				INFOPLIST_KEY_UISupportedInterfaceOrientations_iPhone = "UIInterfaceOrientationPortrait UIInterfaceOrientationLandscapeLeft UIInterfaceOrientationLandscapeRight";
				LD_RUNPATH_SEARCH_PATHS = (
					"$(inherited)",
					"@executable_path/Frameworks",
				);
				MARKETING_VERSION = 1.0;
				PRODUCT_BUNDLE_IDENTIFIER = com.devileya.CoinWatchlist;
				PRODUCT_NAME = "$(TARGET_NAME)";
				SWIFT_EMIT_LOC_STRINGS = YES;
				SWIFT_VERSION = 5.0;
				TARGETED_DEVICE_FAMILY = "1,2";
			};
			name = Release;
		};
/* End XCBuildConfiguration section */

/* Begin XCConfigurationList section */
		979FB8922967451F0078B08F /* Build configuration list for PBXProject "CoinWatchlist" */ = {
			isa = XCConfigurationList;
			buildConfigurations = (
				979FB8A3296745210078B08F /* Debug */,
				979FB8A4296745210078B08F /* Release */,
			);
			defaultConfigurationIsVisible = 0;
			defaultConfigurationName = Release;
		};
		979FB8A5296745210078B08F /* Build configuration list for PBXNativeTarget "CoinWatchlist" */ = {
			isa = XCConfigurationList;
			buildConfigurations = (
				979FB8A6296745210078B08F /* Debug */,
				979FB8A7296745210078B08F /* Release */,
			);
			defaultConfigurationIsVisible = 0;
			defaultConfigurationName = Release;
		};
/* End XCConfigurationList section */

/* Begin XCRemoteSwiftPackageReference section */
		979FB8BE296758EC0078B08F /* XCRemoteSwiftPackageReference "Kingfisher" */ = {
			isa = XCRemoteSwiftPackageReference;
			repositoryURL = "https://github.com/onevcat/Kingfisher.git";
			requirement = {
				kind = upToNextMajorVersion;
				minimumVersion = 7.0.0;
			};
		};
/* End XCRemoteSwiftPackageReference section */

/* Begin XCSwiftPackageProductDependency section */
		979FB8BF296758EC0078B08F /* Kingfisher */ = {
			isa = XCSwiftPackageProductDependency;
			package = 979FB8BE296758EC0078B08F /* XCRemoteSwiftPackageReference "Kingfisher" */;
			productName = Kingfisher;
		};
/* End XCSwiftPackageProductDependency section */
	};
	rootObject = 979FB88F2967451F0078B08F /* Project object */;
}
